// !$*UTF8*$!
{
	archiveVersion = 1;
	classes = {
	};
	objectVersion = 55;
	objects = {

/* Begin PBXBuildFile section */
		F61645952880231E0081BF6E /* Theme.swift in Sources */ = {isa = PBXBuildFile; fileRef = F61645942880231E0081BF6E /* Theme.swift */; };
		F640D682288EE09400E3B792 /* ThemeView.swift in Sources */ = {isa = PBXBuildFile; fileRef = F640D681288EE09400E3B792 /* ThemeView.swift */; };
		F640D684288EE31F00E3B792 /* ThemePicker.swift in Sources */ = {isa = PBXBuildFile; fileRef = F640D683288EE31F00E3B792 /* ThemePicker.swift */; };
		F64E247F287D79EC00C561C2 /* iOS_App_Dev_TutorialsApp.swift in Sources */ = {isa = PBXBuildFile; fileRef = F64E247E287D79EC00C561C2 /* iOS_App_Dev_TutorialsApp.swift */; };
		F64E2481287D79EC00C561C2 /* MeetingView.swift in Sources */ = {isa = PBXBuildFile; fileRef = F64E2480287D79EC00C561C2 /* MeetingView.swift */; };
		F64E2483287D79EE00C561C2 /* Assets.xcassets in Resources */ = {isa = PBXBuildFile; fileRef = F64E2482287D79EE00C561C2 /* Assets.xcassets */; };
		F64E2486287D79EE00C561C2 /* Preview Assets.xcassets in Resources */ = {isa = PBXBuildFile; fileRef = F64E2485287D79EE00C561C2 /* Preview Assets.xcassets */; };
		F6FED2B02881850900E6EE3B /* DailyScrum.swift in Sources */ = {isa = PBXBuildFile; fileRef = F6FED2AF2881850900E6EE3B /* DailyScrum.swift */; };
		F6FED2B22881871C00E6EE3B /* CardView.swift in Sources */ = {isa = PBXBuildFile; fileRef = F6FED2B12881871C00E6EE3B /* CardView.swift */; };
		F6FED2B42882893400E6EE3B /* TarilingIconLabelStyle.swift in Sources */ = {isa = PBXBuildFile; fileRef = F6FED2B32882893400E6EE3B /* TarilingIconLabelStyle.swift */; };
		F6FED2B62885431500E6EE3B /* ScrumsView.swift in Sources */ = {isa = PBXBuildFile; fileRef = F6FED2B52885431500E6EE3B /* ScrumsView.swift */; };
		F6FED2B82886E96C00E6EE3B /* DetailView.swift in Sources */ = {isa = PBXBuildFile; fileRef = F6FED2B72886E96C00E6EE3B /* DetailView.swift */; };
		F6FED2BA288AB39900E6EE3B /* DetailEditView.swift in Sources */ = {isa = PBXBuildFile; fileRef = F6FED2B9288AB39900E6EE3B /* DetailEditView.swift */; };
/* End PBXBuildFile section */

/* Begin PBXFileReference section */
		F61645942880231E0081BF6E /* Theme.swift */ = {isa = PBXFileReference; lastKnownFileType = sourcecode.swift; path = Theme.swift; sourceTree = "<group>"; };
		F640D681288EE09400E3B792 /* ThemeView.swift */ = {isa = PBXFileReference; lastKnownFileType = sourcecode.swift; path = ThemeView.swift; sourceTree = "<group>"; };
		F640D683288EE31F00E3B792 /* ThemePicker.swift */ = {isa = PBXFileReference; lastKnownFileType = sourcecode.swift; path = ThemePicker.swift; sourceTree = "<group>"; };
		F64E247B287D79EC00C561C2 /* iOS-App-Dev-Tutorials.app */ = {isa = PBXFileReference; explicitFileType = wrapper.application; includeInIndex = 0; path = "iOS-App-Dev-Tutorials.app"; sourceTree = BUILT_PRODUCTS_DIR; };
		F64E247E287D79EC00C561C2 /* iOS_App_Dev_TutorialsApp.swift */ = {isa = PBXFileReference; lastKnownFileType = sourcecode.swift; path = iOS_App_Dev_TutorialsApp.swift; sourceTree = "<group>"; };
		F64E2480287D79EC00C561C2 /* MeetingView.swift */ = {isa = PBXFileReference; lastKnownFileType = sourcecode.swift; path = MeetingView.swift; sourceTree = "<group>"; };
		F64E2482287D79EE00C561C2 /* Assets.xcassets */ = {isa = PBXFileReference; lastKnownFileType = folder.assetcatalog; path = Assets.xcassets; sourceTree = "<group>"; };
		F64E2485287D79EE00C561C2 /* Preview Assets.xcassets */ = {isa = PBXFileReference; lastKnownFileType = folder.assetcatalog; path = "Preview Assets.xcassets"; sourceTree = "<group>"; };
		F6FED2AF2881850900E6EE3B /* DailyScrum.swift */ = {isa = PBXFileReference; lastKnownFileType = sourcecode.swift; path = DailyScrum.swift; sourceTree = "<group>"; };
		F6FED2B12881871C00E6EE3B /* CardView.swift */ = {isa = PBXFileReference; lastKnownFileType = sourcecode.swift; path = CardView.swift; sourceTree = "<group>"; };
		F6FED2B32882893400E6EE3B /* TarilingIconLabelStyle.swift */ = {isa = PBXFileReference; lastKnownFileType = sourcecode.swift; path = TarilingIconLabelStyle.swift; sourceTree = "<group>"; };
		F6FED2B52885431500E6EE3B /* ScrumsView.swift */ = {isa = PBXFileReference; lastKnownFileType = sourcecode.swift; path = ScrumsView.swift; sourceTree = "<group>"; };
		F6FED2B72886E96C00E6EE3B /* DetailView.swift */ = {isa = PBXFileReference; lastKnownFileType = sourcecode.swift; path = DetailView.swift; sourceTree = "<group>"; };
		F6FED2B9288AB39900E6EE3B /* DetailEditView.swift */ = {isa = PBXFileReference; lastKnownFileType = sourcecode.swift; path = DetailEditView.swift; sourceTree = "<group>"; };
/* End PBXFileReference section */

/* Begin PBXFrameworksBuildPhase section */
		F64E2478287D79EC00C561C2 /* Frameworks */ = {
			isa = PBXFrameworksBuildPhase;
			buildActionMask = 2147483647;
			files = (
			);
			runOnlyForDeploymentPostprocessing = 0;
		};
/* End PBXFrameworksBuildPhase section */

/* Begin PBXGroup section */
		F6164593288022550081BF6E /* Models */ = {
			isa = PBXGroup;
			children = (
				F61645942880231E0081BF6E /* Theme.swift */,
				F6FED2AF2881850900E6EE3B /* DailyScrum.swift */,
			);
			path = Models;
			sourceTree = "<group>";
		};
		F64E2472287D79EC00C561C2 = {
			isa = PBXGroup;
			children = (
				F64E247D287D79EC00C561C2 /* iOS-App-Dev-Tutorials */,
				F64E247C287D79EC00C561C2 /* Products */,
			);
			sourceTree = "<group>";
		};
		F64E247C287D79EC00C561C2 /* Products */ = {
			isa = PBXGroup;
			children = (
				F64E247B287D79EC00C561C2 /* iOS-App-Dev-Tutorials.app */,
			);
			name = Products;
			sourceTree = "<group>";
		};
		F64E247D287D79EC00C561C2 /* iOS-App-Dev-Tutorials */ = {
			isa = PBXGroup;
			children = (
				F6164593288022550081BF6E /* Models */,
				F64E247E287D79EC00C561C2 /* iOS_App_Dev_TutorialsApp.swift */,
				F64E2480287D79EC00C561C2 /* MeetingView.swift */,
				F64E2482287D79EE00C561C2 /* Assets.xcassets */,
				F64E2484287D79EE00C561C2 /* Preview Content */,
				F6FED2B12881871C00E6EE3B /* CardView.swift */,
				F6FED2B32882893400E6EE3B /* TarilingIconLabelStyle.swift */,
				F6FED2B52885431500E6EE3B /* ScrumsView.swift */,
				F6FED2B72886E96C00E6EE3B /* DetailView.swift */,
				F6FED2B9288AB39900E6EE3B /* DetailEditView.swift */,
				F640D681288EE09400E3B792 /* ThemeView.swift */,
				F640D683288EE31F00E3B792 /* ThemePicker.swift */,
			);
			path = "iOS-App-Dev-Tutorials";
			sourceTree = "<group>";
		};
		F64E2484287D79EE00C561C2 /* Preview Content */ = {
			isa = PBXGroup;
			children = (
				F64E2485287D79EE00C561C2 /* Preview Assets.xcassets */,
			);
			path = "Preview Content";
			sourceTree = "<group>";
		};
/* End PBXGroup section */

/* Begin PBXNativeTarget section */
		F64E247A287D79EC00C561C2 /* iOS-App-Dev-Tutorials */ = {
			isa = PBXNativeTarget;
			buildConfigurationList = F64E2489287D79EE00C561C2 /* Build configuration list for PBXNativeTarget "iOS-App-Dev-Tutorials" */;
			buildPhases = (
				F64E2477287D79EC00C561C2 /* Sources */,
				F64E2478287D79EC00C561C2 /* Frameworks */,
				F64E2479287D79EC00C561C2 /* Resources */,
			);
			buildRules = (
			);
			dependencies = (
			);
			name = "iOS-App-Dev-Tutorials";
			productName = "iOS-App-Dev-Tutorials";
			productReference = F64E247B287D79EC00C561C2 /* iOS-App-Dev-Tutorials.app */;
			productType = "com.apple.product-type.application";
		};
/* End PBXNativeTarget section */

/* Begin PBXProject section */
		F64E2473287D79EC00C561C2 /* Project object */ = {
			isa = PBXProject;
			attributes = {
				BuildIndependentTargetsInParallel = 1;
				LastSwiftUpdateCheck = 1340;
				LastUpgradeCheck = 1340;
				TargetAttributes = {
					F64E247A287D79EC00C561C2 = {
						CreatedOnToolsVersion = 13.4.1;
					};
				};
			};
			buildConfigurationList = F64E2476287D79EC00C561C2 /* Build configuration list for PBXProject "iOS-App-Dev-Tutorials" */;
			compatibilityVersion = "Xcode 13.0";
			developmentRegion = en;
			hasScannedForEncodings = 0;
			knownRegions = (
				en,
				Base,
			);
			mainGroup = F64E2472287D79EC00C561C2;
			productRefGroup = F64E247C287D79EC00C561C2 /* Products */;
			projectDirPath = "";
			projectRoot = "";
			targets = (
				F64E247A287D79EC00C561C2 /* iOS-App-Dev-Tutorials */,
			);
		};
/* End PBXProject section */

/* Begin PBXResourcesBuildPhase section */
		F64E2479287D79EC00C561C2 /* Resources */ = {
			isa = PBXResourcesBuildPhase;
			buildActionMask = 2147483647;
			files = (
				F64E2486287D79EE00C561C2 /* Preview Assets.xcassets in Resources */,
				F64E2483287D79EE00C561C2 /* Assets.xcassets in Resources */,
			);
			runOnlyForDeploymentPostprocessing = 0;
		};
/* End PBXResourcesBuildPhase section */

/* Begin PBXSourcesBuildPhase section */
		F64E2477287D79EC00C561C2 /* Sources */ = {
			isa = PBXSourcesBuildPhase;
			buildActionMask = 2147483647;
			files = (
				F640D684288EE31F00E3B792 /* ThemePicker.swift in Sources */,
				F6FED2B02881850900E6EE3B /* DailyScrum.swift in Sources */,
				F6FED2B82886E96C00E6EE3B /* DetailView.swift in Sources */,
				F6FED2BA288AB39900E6EE3B /* DetailEditView.swift in Sources */,
				F61645952880231E0081BF6E /* Theme.swift in Sources */,
				F64E2481287D79EC00C561C2 /* MeetingView.swift in Sources */,
				F6FED2B62885431500E6EE3B /* ScrumsView.swift in Sources */,
				F6FED2B42882893400E6EE3B /* TarilingIconLabelStyle.swift in Sources */,
				F64E247F287D79EC00C561C2 /* iOS_App_Dev_TutorialsApp.swift in Sources */,
				F640D682288EE09400E3B792 /* ThemeView.swift in Sources */,
				F6FED2B22881871C00E6EE3B /* CardView.swift in Sources */,
			);
			runOnlyForDeploymentPostprocessing = 0;
		};
/* End PBXSourcesBuildPhase section */

/* Begin XCBuildConfiguration section */
		F64E2487287D79EE00C561C2 /* Debug */ = {
			isa = XCBuildConfiguration;
			buildSettings = {
				ALWAYS_SEARCH_USER_PATHS = NO;
				CLANG_ANALYZER_NONNULL = YES;
				CLANG_ANALYZER_NUMBER_OBJECT_CONVERSION = YES_AGGRESSIVE;
				CLANG_CXX_LANGUAGE_STANDARD = "gnu++17";
				CLANG_ENABLE_MODULES = YES;
				CLANG_ENABLE_OBJC_ARC = YES;
				CLANG_ENABLE_OBJC_WEAK = YES;
				CLANG_WARN_BLOCK_CAPTURE_AUTORELEASING = YES;
				CLANG_WARN_BOOL_CONVERSION = YES;
				CLANG_WARN_COMMA = YES;
				CLANG_WARN_CONSTANT_CONVERSION = YES;
				CLANG_WARN_DEPRECATED_OBJC_IMPLEMENTATIONS = YES;
				CLANG_WARN_DIRECT_OBJC_ISA_USAGE = YES_ERROR;
				CLANG_WARN_DOCUMENTATION_COMMENTS = YES;
				CLANG_WARN_EMPTY_BODY = YES;
				CLANG_WARN_ENUM_CONVERSION = YES;
				CLANG_WARN_INFINITE_RECURSION = YES;
				CLANG_WARN_INT_CONVERSION = YES;
				CLANG_WARN_NON_LITERAL_NULL_CONVERSION = YES;
				CLANG_WARN_OBJC_IMPLICIT_RETAIN_SELF = YES;
				CLANG_WARN_OBJC_LITERAL_CONVERSION = YES;
				CLANG_WARN_OBJC_ROOT_CLASS = YES_ERROR;
				CLANG_WARN_QUOTED_INCLUDE_IN_FRAMEWORK_HEADER = YES;
				CLANG_WARN_RANGE_LOOP_ANALYSIS = YES;
				CLANG_WARN_STRICT_PROTOTYPES = YES;
				CLANG_WARN_SUSPICIOUS_MOVE = YES;
				CLANG_WARN_UNGUARDED_AVAILABILITY = YES_AGGRESSIVE;
				CLANG_WARN_UNREACHABLE_CODE = YES;
				CLANG_WARN__DUPLICATE_METHOD_MATCH = YES;
				COPY_PHASE_STRIP = NO;
				DEBUG_INFORMATION_FORMAT = dwarf;
				ENABLE_STRICT_OBJC_MSGSEND = YES;
				ENABLE_TESTABILITY = YES;
				GCC_C_LANGUAGE_STANDARD = gnu11;
				GCC_DYNAMIC_NO_PIC = NO;
				GCC_NO_COMMON_BLOCKS = YES;
				GCC_OPTIMIZATION_LEVEL = 0;
				GCC_PREPROCESSOR_DEFINITIONS = (
					"DEBUG=1",
					"$(inherited)",
				);
				GCC_WARN_64_TO_32_BIT_CONVERSION = YES;
				GCC_WARN_ABOUT_RETURN_TYPE = YES_ERROR;
				GCC_WARN_UNDECLARED_SELECTOR = YES;
				GCC_WARN_UNINITIALIZED_AUTOS = YES_AGGRESSIVE;
				GCC_WARN_UNUSED_FUNCTION = YES;
				GCC_WARN_UNUSED_VARIABLE = YES;
				IPHONEOS_DEPLOYMENT_TARGET = 15.5;
				MTL_ENABLE_DEBUG_INFO = INCLUDE_SOURCE;
				MTL_FAST_MATH = YES;
				ONLY_ACTIVE_ARCH = YES;
				SDKROOT = iphoneos;
				SWIFT_ACTIVE_COMPILATION_CONDITIONS = DEBUG;
				SWIFT_OPTIMIZATION_LEVEL = "-Onone";
			};
			name = Debug;
		};
		F64E2488287D79EE00C561C2 /* Release */ = {
			isa = XCBuildConfiguration;
			buildSettings = {
				ALWAYS_SEARCH_USER_PATHS = NO;
				CLANG_ANALYZER_NONNULL = YES;
				CLANG_ANALYZER_NUMBER_OBJECT_CONVERSION = YES_AGGRESSIVE;
				CLANG_CXX_LANGUAGE_STANDARD = "gnu++17";
				CLANG_ENABLE_MODULES = YES;
				CLANG_ENABLE_OBJC_ARC = YES;
				CLANG_ENABLE_OBJC_WEAK = YES;
				CLANG_WARN_BLOCK_CAPTURE_AUTORELEASING = YES;
				CLANG_WARN_BOOL_CONVERSION = YES;
				CLANG_WARN_COMMA = YES;
				CLANG_WARN_CONSTANT_CONVERSION = YES;
				CLANG_WARN_DEPRECATED_OBJC_IMPLEMENTATIONS = YES;
				CLANG_WARN_DIRECT_OBJC_ISA_USAGE = YES_ERROR;
				CLANG_WARN_DOCUMENTATION_COMMENTS = YES;
				CLANG_WARN_EMPTY_BODY = YES;
				CLANG_WARN_ENUM_CONVERSION = YES;
				CLANG_WARN_INFINITE_RECURSION = YES;
				CLANG_WARN_INT_CONVERSION = YES;
				CLANG_WARN_NON_LITERAL_NULL_CONVERSION = YES;
				CLANG_WARN_OBJC_IMPLICIT_RETAIN_SELF = YES;
				CLANG_WARN_OBJC_LITERAL_CONVERSION = YES;
				CLANG_WARN_OBJC_ROOT_CLASS = YES_ERROR;
				CLANG_WARN_QUOTED_INCLUDE_IN_FRAMEWORK_HEADER = YES;
				CLANG_WARN_RANGE_LOOP_ANALYSIS = YES;
				CLANG_WARN_STRICT_PROTOTYPES = YES;
				CLANG_WARN_SUSPICIOUS_MOVE = YES;
				CLANG_WARN_UNGUARDED_AVAILABILITY = YES_AGGRESSIVE;
				CLANG_WARN_UNREACHABLE_CODE = YES;
				CLANG_WARN__DUPLICATE_METHOD_MATCH = YES;
				COPY_PHASE_STRIP = NO;
				DEBUG_INFORMATION_FORMAT = "dwarf-with-dsym";
				ENABLE_NS_ASSERTIONS = NO;
				ENABLE_STRICT_OBJC_MSGSEND = YES;
				GCC_C_LANGUAGE_STANDARD = gnu11;
				GCC_NO_COMMON_BLOCKS = YES;
				GCC_WARN_64_TO_32_BIT_CONVERSION = YES;
				GCC_WARN_ABOUT_RETURN_TYPE = YES_ERROR;
				GCC_WARN_UNDECLARED_SELECTOR = YES;
				GCC_WARN_UNINITIALIZED_AUTOS = YES_AGGRESSIVE;
				GCC_WARN_UNUSED_FUNCTION = YES;
				GCC_WARN_UNUSED_VARIABLE = YES;
				IPHONEOS_DEPLOYMENT_TARGET = 15.5;
				MTL_ENABLE_DEBUG_INFO = NO;
				MTL_FAST_MATH = YES;
				SDKROOT = iphoneos;
				SWIFT_COMPILATION_MODE = wholemodule;
				SWIFT_OPTIMIZATION_LEVEL = "-O";
				VALIDATE_PRODUCT = YES;
			};
			name = Release;
		};
		F64E248A287D79EE00C561C2 /* Debug */ = {
			isa = XCBuildConfiguration;
			buildSettings = {
				ASSETCATALOG_COMPILER_APPICON_NAME = AppIcon;
				ASSETCATALOG_COMPILER_GLOBAL_ACCENT_COLOR_NAME = AccentColor;
				CODE_SIGN_STYLE = Automatic;
				CURRENT_PROJECT_VERSION = 1;
				DEVELOPMENT_ASSET_PATHS = "\"iOS-App-Dev-Tutorials/Preview Content\"";
				DEVELOPMENT_TEAM = R944P2LYKZ;
				ENABLE_PREVIEWS = YES;
				GENERATE_INFOPLIST_FILE = YES;
				INFOPLIST_KEY_UIApplicationSceneManifest_Generation = YES;
				INFOPLIST_KEY_UIApplicationSupportsIndirectInputEvents = YES;
				INFOPLIST_KEY_UILaunchScreen_Generation = YES;
				INFOPLIST_KEY_UISupportedInterfaceOrientations_iPad = "UIInterfaceOrientationPortrait UIInterfaceOrientationPortraitUpsideDown UIInterfaceOrientationLandscapeLeft UIInterfaceOrientationLandscapeRight";
				INFOPLIST_KEY_UISupportedInterfaceOrientations_iPhone = "UIInterfaceOrientationPortrait UIInterfaceOrientationLandscapeLeft UIInterfaceOrientationLandscapeRight";
				LD_RUNPATH_SEARCH_PATHS = (
					"$(inherited)",
					"@executable_path/Frameworks",
				);
				MARKETING_VERSION = 1.0;
				PRODUCT_BUNDLE_IDENTIFIER = "com.seungyooooong.iOS-App-Dev-Tutorials";
				PRODUCT_NAME = "$(TARGET_NAME)";
				SWIFT_EMIT_LOC_STRINGS = YES;
				SWIFT_VERSION = 5.0;
				TARGETED_DEVICE_FAMILY = "1,2";
			};
			name = Debug;
		};
		F64E248B287D79EE00C561C2 /* Release */ = {
			isa = XCBuildConfiguration;
			buildSettings = {
				ASSETCATALOG_COMPILER_APPICON_NAME = AppIcon;
				ASSETCATALOG_COMPILER_GLOBAL_ACCENT_COLOR_NAME = AccentColor;
				CODE_SIGN_STYLE = Automatic;
				CURRENT_PROJECT_VERSION = 1;
				DEVELOPMENT_ASSET_PATHS = "\"iOS-App-Dev-Tutorials/Preview Content\"";
				DEVELOPMENT_TEAM = R944P2LYKZ;
				ENABLE_PREVIEWS = YES;
				GENERATE_INFOPLIST_FILE = YES;
				INFOPLIST_KEY_UIApplicationSceneManifest_Generation = YES;
				INFOPLIST_KEY_UIApplicationSupportsIndirectInputEvents = YES;
				INFOPLIST_KEY_UILaunchScreen_Generation = YES;
				INFOPLIST_KEY_UISupportedInterfaceOrientations_iPad = "UIInterfaceOrientationPortrait UIInterfaceOrientationPortraitUpsideDown UIInterfaceOrientationLandscapeLeft UIInterfaceOrientationLandscapeRight";
				INFOPLIST_KEY_UISupportedInterfaceOrientations_iPhone = "UIInterfaceOrientationPortrait UIInterfaceOrientationLandscapeLeft UIInterfaceOrientationLandscapeRight";
				LD_RUNPATH_SEARCH_PATHS = (
					"$(inherited)",
					"@executable_path/Frameworks",
				);
				MARKETING_VERSION = 1.0;
				PRODUCT_BUNDLE_IDENTIFIER = "com.seungyooooong.iOS-App-Dev-Tutorials";
				PRODUCT_NAME = "$(TARGET_NAME)";
				SWIFT_EMIT_LOC_STRINGS = YES;
				SWIFT_VERSION = 5.0;
				TARGETED_DEVICE_FAMILY = "1,2";
			};
			name = Release;
		};
/* End XCBuildConfiguration section */

/* Begin XCConfigurationList section */
		F64E2476287D79EC00C561C2 /* Build configuration list for PBXProject "iOS-App-Dev-Tutorials" */ = {
			isa = XCConfigurationList;
			buildConfigurations = (
				F64E2487287D79EE00C561C2 /* Debug */,
				F64E2488287D79EE00C561C2 /* Release */,
			);
			defaultConfigurationIsVisible = 0;
			defaultConfigurationName = Release;
		};
		F64E2489287D79EE00C561C2 /* Build configuration list for PBXNativeTarget "iOS-App-Dev-Tutorials" */ = {
			isa = XCConfigurationList;
			buildConfigurations = (
				F64E248A287D79EE00C561C2 /* Debug */,
				F64E248B287D79EE00C561C2 /* Release */,
			);
			defaultConfigurationIsVisible = 0;
			defaultConfigurationName = Release;
		};
/* End XCConfigurationList section */
	};
	rootObject = F64E2473287D79EC00C561C2 /* Project object */;
}
