// !$*UTF8*$!
{
	archiveVersion = 1;
	classes = {
	};
	objectVersion = 55;
	objects = {

/* Begin PBXBuildFile section */
		F6091D1228C7432500471BA8 /* ReminderDoneButton.swift in Sources */ = {isa = PBXBuildFile; fileRef = F6091D1128C7432500471BA8 /* ReminderDoneButton.swift */; };
		F6091D1428C7444000471BA8 /* ReminderListViewController+Actions.swift in Sources */ = {isa = PBXBuildFile; fileRef = F6091D1328C7444000471BA8 /* ReminderListViewController+Actions.swift */; };
		F6091D3728C895F300471BA8 /* ReminderViewController.swift in Sources */ = {isa = PBXBuildFile; fileRef = F6091D3628C895F300471BA8 /* ReminderViewController.swift */; };
		F6091D3928C89E7B00471BA8 /* ReminderViewController+Row.swift in Sources */ = {isa = PBXBuildFile; fileRef = F6091D3828C89E7B00471BA8 /* ReminderViewController+Row.swift */; };
		F61E497F28B7554F00D3CEFC /* Reminder.swift in Sources */ = {isa = PBXBuildFile; fileRef = F61E497E28B7554F00D3CEFC /* Reminder.swift */; };
		F61E498128BDEF0A00D3CEFC /* Date+Today.swift in Sources */ = {isa = PBXBuildFile; fileRef = F61E498028BDEF0A00D3CEFC /* Date+Today.swift */; };
		F61E498628BDFF3300D3CEFC /* ReminderListViewController+DataSource.swift in Sources */ = {isa = PBXBuildFile; fileRef = F61E498528BDFF3300D3CEFC /* ReminderListViewController+DataSource.swift */; };
		F61E498828C1F20F00D3CEFC /* UIColor+Today.swift in Sources */ = {isa = PBXBuildFile; fileRef = F61E498728C1F20F00D3CEFC /* UIColor+Today.swift */; };
		F655AE8228B12E7600279A2C /* AppDelegate.swift in Sources */ = {isa = PBXBuildFile; fileRef = F655AE8128B12E7600279A2C /* AppDelegate.swift */; };
		F655AE8428B12E7600279A2C /* SceneDelegate.swift in Sources */ = {isa = PBXBuildFile; fileRef = F655AE8328B12E7600279A2C /* SceneDelegate.swift */; };
		F655AE8628B12E7600279A2C /* ReminderListViewController.swift in Sources */ = {isa = PBXBuildFile; fileRef = F655AE8528B12E7600279A2C /* ReminderListViewController.swift */; };
		F655AE8928B12E7600279A2C /* Main.storyboard in Resources */ = {isa = PBXBuildFile; fileRef = F655AE8728B12E7600279A2C /* Main.storyboard */; };
		F655AE8B28B12E7600279A2C /* Assets.xcassets in Resources */ = {isa = PBXBuildFile; fileRef = F655AE8A28B12E7600279A2C /* Assets.xcassets */; };
		F655AE8E28B12E7600279A2C /* LaunchScreen.storyboard in Resources */ = {isa = PBXBuildFile; fileRef = F655AE8C28B12E7600279A2C /* LaunchScreen.storyboard */; };
		F66FCB8628D3E95C00C85354 /* ReminderViewController+CellConfiguration.swift in Sources */ = {isa = PBXBuildFile; fileRef = F66FCB8528D3E95C00C85354 /* ReminderViewController+CellConfiguration.swift */; };
		F66FCB8928D3EF6700C85354 /* UIView+PinnedSubview.swift in Sources */ = {isa = PBXBuildFile; fileRef = F66FCB8828D3EF6700C85354 /* UIView+PinnedSubview.swift */; };
		F66FCB8B28D3FB8A00C85354 /* TextFieldContentView.swift in Sources */ = {isa = PBXBuildFile; fileRef = F66FCB8A28D3FB8A00C85354 /* TextFieldContentView.swift */; };
		F66FCB8D28D3FF3100C85354 /* UIContentConfiguration+Stateless.swift in Sources */ = {isa = PBXBuildFile; fileRef = F66FCB8C28D3FF3100C85354 /* UIContentConfiguration+Stateless.swift */; };
		F66FCB8F28D4114C00C85354 /* TextViewContentView.swift in Sources */ = {isa = PBXBuildFile; fileRef = F66FCB8E28D4114C00C85354 /* TextViewContentView.swift */; };
		F66FCB9128D4133400C85354 /* DatePickerContentView.swift in Sources */ = {isa = PBXBuildFile; fileRef = F66FCB9028D4133400C85354 /* DatePickerContentView.swift */; };
		F66FCB9328D841FE00C85354 /* ReminderListStyle.swift in Sources */ = {isa = PBXBuildFile; fileRef = F66FCB9228D841FE00C85354 /* ReminderListStyle.swift */; };
		F66FCB9528D8674D00C85354 /* ProgressHeaderView.swift in Sources */ = {isa = PBXBuildFile; fileRef = F66FCB9428D8674D00C85354 /* ProgressHeaderView.swift */; };
		F66FCB9728DAC88500C85354 /* CAGradientLayer+ListStyle.swift in Sources */ = {isa = PBXBuildFile; fileRef = F66FCB9628DAC88500C85354 /* CAGradientLayer+ListStyle.swift */; };
		F66FCB9928DAEBB300C85354 /* TodayError.swift in Sources */ = {isa = PBXBuildFile; fileRef = F66FCB9828DAEBB300C85354 /* TodayError.swift */; };
		F66FCB9B28DAEC7500C85354 /* EKEventStore+AsyncFetch.swift in Sources */ = {isa = PBXBuildFile; fileRef = F66FCB9A28DAEC7500C85354 /* EKEventStore+AsyncFetch.swift */; };
		F66FCB9D28DAEEC800C85354 /* Reminder+EKReminder.swift in Sources */ = {isa = PBXBuildFile; fileRef = F66FCB9C28DAEEC800C85354 /* Reminder+EKReminder.swift */; };
		F66FCB9F28DD325100C85354 /* ReminderStore.swift in Sources */ = {isa = PBXBuildFile; fileRef = F66FCB9E28DD325100C85354 /* ReminderStore.swift */; };
		F6FDB46F28CED036003E786A /* ReminderViewController+Section.swift in Sources */ = {isa = PBXBuildFile; fileRef = F6FDB46E28CED036003E786A /* ReminderViewController+Section.swift */; };
/* End PBXBuildFile section */

/* Begin PBXFileReference section */
		F6091D1128C7432500471BA8 /* ReminderDoneButton.swift */ = {isa = PBXFileReference; lastKnownFileType = sourcecode.swift; path = ReminderDoneButton.swift; sourceTree = "<group>"; };
		F6091D1328C7444000471BA8 /* ReminderListViewController+Actions.swift */ = {isa = PBXFileReference; lastKnownFileType = sourcecode.swift; path = "ReminderListViewController+Actions.swift"; sourceTree = "<group>"; };
		F6091D3628C895F300471BA8 /* ReminderViewController.swift */ = {isa = PBXFileReference; lastKnownFileType = sourcecode.swift; path = ReminderViewController.swift; sourceTree = "<group>"; };
		F6091D3828C89E7B00471BA8 /* ReminderViewController+Row.swift */ = {isa = PBXFileReference; lastKnownFileType = sourcecode.swift; path = "ReminderViewController+Row.swift"; sourceTree = "<group>"; };
		F61E497E28B7554F00D3CEFC /* Reminder.swift */ = {isa = PBXFileReference; lastKnownFileType = sourcecode.swift; path = Reminder.swift; sourceTree = "<group>"; };
		F61E498028BDEF0A00D3CEFC /* Date+Today.swift */ = {isa = PBXFileReference; lastKnownFileType = sourcecode.swift; path = "Date+Today.swift"; sourceTree = "<group>"; };
		F61E498528BDFF3300D3CEFC /* ReminderListViewController+DataSource.swift */ = {isa = PBXFileReference; lastKnownFileType = sourcecode.swift; path = "ReminderListViewController+DataSource.swift"; sourceTree = "<group>"; };
		F61E498728C1F20F00D3CEFC /* UIColor+Today.swift */ = {isa = PBXFileReference; lastKnownFileType = sourcecode.swift; path = "UIColor+Today.swift"; sourceTree = "<group>"; };
		F655AE7E28B12E7600279A2C /* Today.app */ = {isa = PBXFileReference; explicitFileType = wrapper.application; includeInIndex = 0; path = Today.app; sourceTree = BUILT_PRODUCTS_DIR; };
		F655AE8128B12E7600279A2C /* AppDelegate.swift */ = {isa = PBXFileReference; lastKnownFileType = sourcecode.swift; path = AppDelegate.swift; sourceTree = "<group>"; };
		F655AE8328B12E7600279A2C /* SceneDelegate.swift */ = {isa = PBXFileReference; lastKnownFileType = sourcecode.swift; path = SceneDelegate.swift; sourceTree = "<group>"; };
		F655AE8528B12E7600279A2C /* ReminderListViewController.swift */ = {isa = PBXFileReference; lastKnownFileType = sourcecode.swift; path = ReminderListViewController.swift; sourceTree = "<group>"; };
		F655AE8828B12E7600279A2C /* Base */ = {isa = PBXFileReference; lastKnownFileType = file.storyboard; name = Base; path = Base.lproj/Main.storyboard; sourceTree = "<group>"; };
		F655AE8A28B12E7600279A2C /* Assets.xcassets */ = {isa = PBXFileReference; lastKnownFileType = folder.assetcatalog; path = Assets.xcassets; sourceTree = "<group>"; };
		F655AE8D28B12E7600279A2C /* Base */ = {isa = PBXFileReference; lastKnownFileType = file.storyboard; name = Base; path = Base.lproj/LaunchScreen.storyboard; sourceTree = "<group>"; };
		F655AE8F28B12E7600279A2C /* Info.plist */ = {isa = PBXFileReference; lastKnownFileType = text.plist.xml; path = Info.plist; sourceTree = "<group>"; };
		F66FCB8528D3E95C00C85354 /* ReminderViewController+CellConfiguration.swift */ = {isa = PBXFileReference; lastKnownFileType = sourcecode.swift; path = "ReminderViewController+CellConfiguration.swift"; sourceTree = "<group>"; };
		F66FCB8828D3EF6700C85354 /* UIView+PinnedSubview.swift */ = {isa = PBXFileReference; lastKnownFileType = sourcecode.swift; path = "UIView+PinnedSubview.swift"; sourceTree = "<group>"; };
		F66FCB8A28D3FB8A00C85354 /* TextFieldContentView.swift */ = {isa = PBXFileReference; lastKnownFileType = sourcecode.swift; path = TextFieldContentView.swift; sourceTree = "<group>"; };
		F66FCB8C28D3FF3100C85354 /* UIContentConfiguration+Stateless.swift */ = {isa = PBXFileReference; lastKnownFileType = sourcecode.swift; path = "UIContentConfiguration+Stateless.swift"; sourceTree = "<group>"; };
		F66FCB8E28D4114C00C85354 /* TextViewContentView.swift */ = {isa = PBXFileReference; lastKnownFileType = sourcecode.swift; path = TextViewContentView.swift; sourceTree = "<group>"; };
		F66FCB9028D4133400C85354 /* DatePickerContentView.swift */ = {isa = PBXFileReference; lastKnownFileType = sourcecode.swift; path = DatePickerContentView.swift; sourceTree = "<group>"; };
		F66FCB9228D841FE00C85354 /* ReminderListStyle.swift */ = {isa = PBXFileReference; lastKnownFileType = sourcecode.swift; path = ReminderListStyle.swift; sourceTree = "<group>"; };
		F66FCB9428D8674D00C85354 /* ProgressHeaderView.swift */ = {isa = PBXFileReference; lastKnownFileType = sourcecode.swift; path = ProgressHeaderView.swift; sourceTree = "<group>"; };
		F66FCB9628DAC88500C85354 /* CAGradientLayer+ListStyle.swift */ = {isa = PBXFileReference; lastKnownFileType = sourcecode.swift; path = "CAGradientLayer+ListStyle.swift"; sourceTree = "<group>"; };
		F66FCB9828DAEBB300C85354 /* TodayError.swift */ = {isa = PBXFileReference; lastKnownFileType = sourcecode.swift; path = TodayError.swift; sourceTree = "<group>"; };
		F66FCB9A28DAEC7500C85354 /* EKEventStore+AsyncFetch.swift */ = {isa = PBXFileReference; lastKnownFileType = sourcecode.swift; path = "EKEventStore+AsyncFetch.swift"; sourceTree = "<group>"; };
		F66FCB9C28DAEEC800C85354 /* Reminder+EKReminder.swift */ = {isa = PBXFileReference; lastKnownFileType = sourcecode.swift; path = "Reminder+EKReminder.swift"; sourceTree = "<group>"; };
		F66FCB9E28DD325100C85354 /* ReminderStore.swift */ = {isa = PBXFileReference; lastKnownFileType = sourcecode.swift; path = ReminderStore.swift; sourceTree = "<group>"; };
		F6FDB46E28CED036003E786A /* ReminderViewController+Section.swift */ = {isa = PBXFileReference; lastKnownFileType = sourcecode.swift; path = "ReminderViewController+Section.swift"; sourceTree = "<group>"; };
/* End PBXFileReference section */

/* Begin PBXFrameworksBuildPhase section */
		F655AE7B28B12E7600279A2C /* Frameworks */ = {
			isa = PBXFrameworksBuildPhase;
			buildActionMask = 2147483647;
			files = (
			);
			runOnlyForDeploymentPostprocessing = 0;
		};
/* End PBXFrameworksBuildPhase section */

/* Begin PBXGroup section */
		F6091D3528C895B600471BA8 /* DetailViewController */ = {
			isa = PBXGroup;
			children = (
				F6091D3628C895F300471BA8 /* ReminderViewController.swift */,
				F6091D3828C89E7B00471BA8 /* ReminderViewController+Row.swift */,
				F6FDB46E28CED036003E786A /* ReminderViewController+Section.swift */,
				F66FCB8528D3E95C00C85354 /* ReminderViewController+CellConfiguration.swift */,
			);
			path = DetailViewController;
			sourceTree = "<group>";
		};
		F61E497D28B7552900D3CEFC /* Models */ = {
			isa = PBXGroup;
			children = (
				F61E497E28B7554F00D3CEFC /* Reminder.swift */,
				F61E498028BDEF0A00D3CEFC /* Date+Today.swift */,
				F61E498728C1F20F00D3CEFC /* UIColor+Today.swift */,
				F66FCB9228D841FE00C85354 /* ReminderListStyle.swift */,
				F66FCB9628DAC88500C85354 /* CAGradientLayer+ListStyle.swift */,
				F66FCB9828DAEBB300C85354 /* TodayError.swift */,
				F66FCB9A28DAEC7500C85354 /* EKEventStore+AsyncFetch.swift */,
				F66FCB9C28DAEEC800C85354 /* Reminder+EKReminder.swift */,
				F66FCB9E28DD325100C85354 /* ReminderStore.swift */,
			);
			path = Models;
			sourceTree = "<group>";
		};
		F61E498428BDFDAD00D3CEFC /* ListViewController */ = {
			isa = PBXGroup;
			children = (
				F6091D1128C7432500471BA8 /* ReminderDoneButton.swift */,
				F66FCB9428D8674D00C85354 /* ProgressHeaderView.swift */,
				F655AE8528B12E7600279A2C /* ReminderListViewController.swift */,
				F61E498528BDFF3300D3CEFC /* ReminderListViewController+DataSource.swift */,
				F6091D1328C7444000471BA8 /* ReminderListViewController+Actions.swift */,
			);
			path = ListViewController;
			sourceTree = "<group>";
		};
		F655AE7528B12E7600279A2C = {
			isa = PBXGroup;
			children = (
				F655AE8028B12E7600279A2C /* Today */,
				F655AE7F28B12E7600279A2C /* Products */,
			);
			sourceTree = "<group>";
		};
		F655AE7F28B12E7600279A2C /* Products */ = {
			isa = PBXGroup;
			children = (
				F655AE7E28B12E7600279A2C /* Today.app */,
			);
			name = Products;
			sourceTree = "<group>";
		};
		F655AE8028B12E7600279A2C /* Today */ = {
			isa = PBXGroup;
			children = (
				F61E497D28B7552900D3CEFC /* Models */,
				F655AE8128B12E7600279A2C /* AppDelegate.swift */,
				F655AE8328B12E7600279A2C /* SceneDelegate.swift */,
				F66FCB8728D3EED000C85354 /* ContentViews */,
				F61E498428BDFDAD00D3CEFC /* ListViewController */,
				F6091D3528C895B600471BA8 /* DetailViewController */,
				F655AE8728B12E7600279A2C /* Main.storyboard */,
				F655AE8A28B12E7600279A2C /* Assets.xcassets */,
				F655AE8C28B12E7600279A2C /* LaunchScreen.storyboard */,
				F655AE8F28B12E7600279A2C /* Info.plist */,
			);
			path = Today;
			sourceTree = "<group>";
		};
		F66FCB8728D3EED000C85354 /* ContentViews */ = {
			isa = PBXGroup;
			children = (
				F66FCB8828D3EF6700C85354 /* UIView+PinnedSubview.swift */,
				F66FCB8C28D3FF3100C85354 /* UIContentConfiguration+Stateless.swift */,
				F66FCB8A28D3FB8A00C85354 /* TextFieldContentView.swift */,
				F66FCB8E28D4114C00C85354 /* TextViewContentView.swift */,
				F66FCB9028D4133400C85354 /* DatePickerContentView.swift */,
			);
			path = ContentViews;
			sourceTree = "<group>";
		};
/* End PBXGroup section */

/* Begin PBXNativeTarget section */
		F655AE7D28B12E7600279A2C /* Today */ = {
			isa = PBXNativeTarget;
			buildConfigurationList = F655AE9228B12E7600279A2C /* Build configuration list for PBXNativeTarget "Today" */;
			buildPhases = (
				F655AE7A28B12E7600279A2C /* Sources */,
				F655AE7B28B12E7600279A2C /* Frameworks */,
				F655AE7C28B12E7600279A2C /* Resources */,
			);
			buildRules = (
			);
			dependencies = (
			);
			name = Today;
			productName = Today;
			productReference = F655AE7E28B12E7600279A2C /* Today.app */;
			productType = "com.apple.product-type.application";
		};
/* End PBXNativeTarget section */

/* Begin PBXProject section */
		F655AE7628B12E7600279A2C /* Project object */ = {
			isa = PBXProject;
			attributes = {
				BuildIndependentTargetsInParallel = 1;
				LastSwiftUpdateCheck = 1340;
				LastUpgradeCheck = 1340;
				TargetAttributes = {
					F655AE7D28B12E7600279A2C = {
						CreatedOnToolsVersion = 13.4.1;
					};
				};
			};
			buildConfigurationList = F655AE7928B12E7600279A2C /* Build configuration list for PBXProject "Today" */;
			compatibilityVersion = "Xcode 13.0";
			developmentRegion = en;
			hasScannedForEncodings = 0;
			knownRegions = (
				en,
				Base,
			);
			mainGroup = F655AE7528B12E7600279A2C;
			productRefGroup = F655AE7F28B12E7600279A2C /* Products */;
			projectDirPath = "";
			projectRoot = "";
			targets = (
				F655AE7D28B12E7600279A2C /* Today */,
			);
		};
/* End PBXProject section */

/* Begin PBXResourcesBuildPhase section */
		F655AE7C28B12E7600279A2C /* Resources */ = {
			isa = PBXResourcesBuildPhase;
			buildActionMask = 2147483647;
			files = (
				F655AE8E28B12E7600279A2C /* LaunchScreen.storyboard in Resources */,
				F655AE8B28B12E7600279A2C /* Assets.xcassets in Resources */,
				F655AE8928B12E7600279A2C /* Main.storyboard in Resources */,
			);
			runOnlyForDeploymentPostprocessing = 0;
		};
/* End PBXResourcesBuildPhase section */

/* Begin PBXSourcesBuildPhase section */
		F655AE7A28B12E7600279A2C /* Sources */ = {
			isa = PBXSourcesBuildPhase;
			buildActionMask = 2147483647;
			files = (
				F66FCB9528D8674D00C85354 /* ProgressHeaderView.swift in Sources */,
				F66FCB8928D3EF6700C85354 /* UIView+PinnedSubview.swift in Sources */,
				F6FDB46F28CED036003E786A /* ReminderViewController+Section.swift in Sources */,
				F66FCB9128D4133400C85354 /* DatePickerContentView.swift in Sources */,
				F61E498828C1F20F00D3CEFC /* UIColor+Today.swift in Sources */,
				F6091D1428C7444000471BA8 /* ReminderListViewController+Actions.swift in Sources */,
				F66FCB9928DAEBB300C85354 /* TodayError.swift in Sources */,
				F6091D3728C895F300471BA8 /* ReminderViewController.swift in Sources */,
				F66FCB9328D841FE00C85354 /* ReminderListStyle.swift in Sources */,
				F66FCB8D28D3FF3100C85354 /* UIContentConfiguration+Stateless.swift in Sources */,
				F655AE8628B12E7600279A2C /* ReminderListViewController.swift in Sources */,
				F61E498128BDEF0A00D3CEFC /* Date+Today.swift in Sources */,
				F66FCB8B28D3FB8A00C85354 /* TextFieldContentView.swift in Sources */,
				F66FCB8F28D4114C00C85354 /* TextViewContentView.swift in Sources */,
				F6091D3928C89E7B00471BA8 /* ReminderViewController+Row.swift in Sources */,
				F6091D1228C7432500471BA8 /* ReminderDoneButton.swift in Sources */,
				F655AE8228B12E7600279A2C /* AppDelegate.swift in Sources */,
				F66FCB8628D3E95C00C85354 /* ReminderViewController+CellConfiguration.swift in Sources */,
				F655AE8428B12E7600279A2C /* SceneDelegate.swift in Sources */,
				F66FCB9D28DAEEC800C85354 /* Reminder+EKReminder.swift in Sources */,
				F66FCB9B28DAEC7500C85354 /* EKEventStore+AsyncFetch.swift in Sources */,
				F61E497F28B7554F00D3CEFC /* Reminder.swift in Sources */,
				F66FCB9728DAC88500C85354 /* CAGradientLayer+ListStyle.swift in Sources */,
				F61E498628BDFF3300D3CEFC /* ReminderListViewController+DataSource.swift in Sources */,
				F66FCB9F28DD325100C85354 /* ReminderStore.swift in Sources */,
			);
			runOnlyForDeploymentPostprocessing = 0;
		};
/* End PBXSourcesBuildPhase section */

/* Begin PBXVariantGroup section */
		F655AE8728B12E7600279A2C /* Main.storyboard */ = {
			isa = PBXVariantGroup;
			children = (
				F655AE8828B12E7600279A2C /* Base */,
			);
			name = Main.storyboard;
			sourceTree = "<group>";
		};
		F655AE8C28B12E7600279A2C /* LaunchScreen.storyboard */ = {
			isa = PBXVariantGroup;
			children = (
				F655AE8D28B12E7600279A2C /* Base */,
			);
			name = LaunchScreen.storyboard;
			sourceTree = "<group>";
		};
/* End PBXVariantGroup section */

/* Begin XCBuildConfiguration section */
		F655AE9028B12E7600279A2C /* Debug */ = {
			isa = XCBuildConfiguration;
			buildSettings = {
				ALWAYS_SEARCH_USER_PATHS = NO;
				CLANG_ANALYZER_NONNULL = YES;
				CLANG_ANALYZER_NUMBER_OBJECT_CONVERSION = YES_AGGRESSIVE;
				CLANG_CXX_LANGUAGE_STANDARD = "gnu++17";
				CLANG_ENABLE_MODULES = YES;
				CLANG_ENABLE_OBJC_ARC = YES;
				CLANG_ENABLE_OBJC_WEAK = YES;
				CLANG_WARN_BLOCK_CAPTURE_AUTORELEASING = YES;
				CLANG_WARN_BOOL_CONVERSION = YES;
				CLANG_WARN_COMMA = YES;
				CLANG_WARN_CONSTANT_CONVERSION = YES;
				CLANG_WARN_DEPRECATED_OBJC_IMPLEMENTATIONS = YES;
				CLANG_WARN_DIRECT_OBJC_ISA_USAGE = YES_ERROR;
				CLANG_WARN_DOCUMENTATION_COMMENTS = YES;
				CLANG_WARN_EMPTY_BODY = YES;
				CLANG_WARN_ENUM_CONVERSION = YES;
				CLANG_WARN_INFINITE_RECURSION = YES;
				CLANG_WARN_INT_CONVERSION = YES;
				CLANG_WARN_NON_LITERAL_NULL_CONVERSION = YES;
				CLANG_WARN_OBJC_IMPLICIT_RETAIN_SELF = YES;
				CLANG_WARN_OBJC_LITERAL_CONVERSION = YES;
				CLANG_WARN_OBJC_ROOT_CLASS = YES_ERROR;
				CLANG_WARN_QUOTED_INCLUDE_IN_FRAMEWORK_HEADER = YES;
				CLANG_WARN_RANGE_LOOP_ANALYSIS = YES;
				CLANG_WARN_STRICT_PROTOTYPES = YES;
				CLANG_WARN_SUSPICIOUS_MOVE = YES;
				CLANG_WARN_UNGUARDED_AVAILABILITY = YES_AGGRESSIVE;
				CLANG_WARN_UNREACHABLE_CODE = YES;
				CLANG_WARN__DUPLICATE_METHOD_MATCH = YES;
				COPY_PHASE_STRIP = NO;
				DEBUG_INFORMATION_FORMAT = dwarf;
				ENABLE_STRICT_OBJC_MSGSEND = YES;
				ENABLE_TESTABILITY = YES;
				GCC_C_LANGUAGE_STANDARD = gnu11;
				GCC_DYNAMIC_NO_PIC = NO;
				GCC_NO_COMMON_BLOCKS = YES;
				GCC_OPTIMIZATION_LEVEL = 0;
				GCC_PREPROCESSOR_DEFINITIONS = (
					"DEBUG=1",
					"$(inherited)",
				);
				GCC_WARN_64_TO_32_BIT_CONVERSION = YES;
				GCC_WARN_ABOUT_RETURN_TYPE = YES_ERROR;
				GCC_WARN_UNDECLARED_SELECTOR = YES;
				GCC_WARN_UNINITIALIZED_AUTOS = YES_AGGRESSIVE;
				GCC_WARN_UNUSED_FUNCTION = YES;
				GCC_WARN_UNUSED_VARIABLE = YES;
				IPHONEOS_DEPLOYMENT_TARGET = 15.5;
				MTL_ENABLE_DEBUG_INFO = INCLUDE_SOURCE;
				MTL_FAST_MATH = YES;
				ONLY_ACTIVE_ARCH = YES;
				SDKROOT = iphoneos;
				SWIFT_ACTIVE_COMPILATION_CONDITIONS = DEBUG;
				SWIFT_OPTIMIZATION_LEVEL = "-Onone";
			};
			name = Debug;
		};
		F655AE9128B12E7600279A2C /* Release */ = {
			isa = XCBuildConfiguration;
			buildSettings = {
				ALWAYS_SEARCH_USER_PATHS = NO;
				CLANG_ANALYZER_NONNULL = YES;
				CLANG_ANALYZER_NUMBER_OBJECT_CONVERSION = YES_AGGRESSIVE;
				CLANG_CXX_LANGUAGE_STANDARD = "gnu++17";
				CLANG_ENABLE_MODULES = YES;
				CLANG_ENABLE_OBJC_ARC = YES;
				CLANG_ENABLE_OBJC_WEAK = YES;
				CLANG_WARN_BLOCK_CAPTURE_AUTORELEASING = YES;
				CLANG_WARN_BOOL_CONVERSION = YES;
				CLANG_WARN_COMMA = YES;
				CLANG_WARN_CONSTANT_CONVERSION = YES;
				CLANG_WARN_DEPRECATED_OBJC_IMPLEMENTATIONS = YES;
				CLANG_WARN_DIRECT_OBJC_ISA_USAGE = YES_ERROR;
				CLANG_WARN_DOCUMENTATION_COMMENTS = YES;
				CLANG_WARN_EMPTY_BODY = YES;
				CLANG_WARN_ENUM_CONVERSION = YES;
				CLANG_WARN_INFINITE_RECURSION = YES;
				CLANG_WARN_INT_CONVERSION = YES;
				CLANG_WARN_NON_LITERAL_NULL_CONVERSION = YES;
				CLANG_WARN_OBJC_IMPLICIT_RETAIN_SELF = YES;
				CLANG_WARN_OBJC_LITERAL_CONVERSION = YES;
				CLANG_WARN_OBJC_ROOT_CLASS = YES_ERROR;
				CLANG_WARN_QUOTED_INCLUDE_IN_FRAMEWORK_HEADER = YES;
				CLANG_WARN_RANGE_LOOP_ANALYSIS = YES;
				CLANG_WARN_STRICT_PROTOTYPES = YES;
				CLANG_WARN_SUSPICIOUS_MOVE = YES;
				CLANG_WARN_UNGUARDED_AVAILABILITY = YES_AGGRESSIVE;
				CLANG_WARN_UNREACHABLE_CODE = YES;
				CLANG_WARN__DUPLICATE_METHOD_MATCH = YES;
				COPY_PHASE_STRIP = NO;
				DEBUG_INFORMATION_FORMAT = "dwarf-with-dsym";
				ENABLE_NS_ASSERTIONS = NO;
				ENABLE_STRICT_OBJC_MSGSEND = YES;
				GCC_C_LANGUAGE_STANDARD = gnu11;
				GCC_NO_COMMON_BLOCKS = YES;
				GCC_WARN_64_TO_32_BIT_CONVERSION = YES;
				GCC_WARN_ABOUT_RETURN_TYPE = YES_ERROR;
				GCC_WARN_UNDECLARED_SELECTOR = YES;
				GCC_WARN_UNINITIALIZED_AUTOS = YES_AGGRESSIVE;
				GCC_WARN_UNUSED_FUNCTION = YES;
				GCC_WARN_UNUSED_VARIABLE = YES;
				IPHONEOS_DEPLOYMENT_TARGET = 15.5;
				MTL_ENABLE_DEBUG_INFO = NO;
				MTL_FAST_MATH = YES;
				SDKROOT = iphoneos;
				SWIFT_COMPILATION_MODE = wholemodule;
				SWIFT_OPTIMIZATION_LEVEL = "-O";
				VALIDATE_PRODUCT = YES;
			};
			name = Release;
		};
		F655AE9328B12E7600279A2C /* Debug */ = {
			isa = XCBuildConfiguration;
			buildSettings = {
				ASSETCATALOG_COMPILER_APPICON_NAME = AppIcon;
				ASSETCATALOG_COMPILER_GLOBAL_ACCENT_COLOR_NAME = AccentColor;
				CODE_SIGN_STYLE = Automatic;
				CURRENT_PROJECT_VERSION = 1;
				DEVELOPMENT_TEAM = R944P2LYKZ;
				GENERATE_INFOPLIST_FILE = YES;
				INFOPLIST_FILE = Today/Info.plist;
				INFOPLIST_KEY_UIApplicationSupportsIndirectInputEvents = YES;
				INFOPLIST_KEY_UILaunchStoryboardName = LaunchScreen;
				INFOPLIST_KEY_UIMainStoryboardFile = Main;
				INFOPLIST_KEY_UISupportedInterfaceOrientations_iPad = "UIInterfaceOrientationPortrait UIInterfaceOrientationPortraitUpsideDown UIInterfaceOrientationLandscapeLeft UIInterfaceOrientationLandscapeRight";
				INFOPLIST_KEY_UISupportedInterfaceOrientations_iPhone = "UIInterfaceOrientationPortrait UIInterfaceOrientationLandscapeLeft UIInterfaceOrientationLandscapeRight";
				LD_RUNPATH_SEARCH_PATHS = (
					"$(inherited)",
					"@executable_path/Frameworks",
				);
				MARKETING_VERSION = 1.0;
				PRODUCT_BUNDLE_IDENTIFIER = com.seungyooooong.Today;
				PRODUCT_NAME = "$(TARGET_NAME)";
				SWIFT_EMIT_LOC_STRINGS = YES;
				SWIFT_VERSION = 5.0;
				TARGETED_DEVICE_FAMILY = "1,2";
			};
			name = Debug;
		};
		F655AE9428B12E7600279A2C /* Release */ = {
			isa = XCBuildConfiguration;
			buildSettings = {
				ASSETCATALOG_COMPILER_APPICON_NAME = AppIcon;
				ASSETCATALOG_COMPILER_GLOBAL_ACCENT_COLOR_NAME = AccentColor;
				CODE_SIGN_STYLE = Automatic;
				CURRENT_PROJECT_VERSION = 1;
				DEVELOPMENT_TEAM = R944P2LYKZ;
				GENERATE_INFOPLIST_FILE = YES;
				INFOPLIST_FILE = Today/Info.plist;
				INFOPLIST_KEY_UIApplicationSupportsIndirectInputEvents = YES;
				INFOPLIST_KEY_UILaunchStoryboardName = LaunchScreen;
				INFOPLIST_KEY_UIMainStoryboardFile = Main;
				INFOPLIST_KEY_UISupportedInterfaceOrientations_iPad = "UIInterfaceOrientationPortrait UIInterfaceOrientationPortraitUpsideDown UIInterfaceOrientationLandscapeLeft UIInterfaceOrientationLandscapeRight";
				INFOPLIST_KEY_UISupportedInterfaceOrientations_iPhone = "UIInterfaceOrientationPortrait UIInterfaceOrientationLandscapeLeft UIInterfaceOrientationLandscapeRight";
				LD_RUNPATH_SEARCH_PATHS = (
					"$(inherited)",
					"@executable_path/Frameworks",
				);
				MARKETING_VERSION = 1.0;
				PRODUCT_BUNDLE_IDENTIFIER = com.seungyooooong.Today;
				PRODUCT_NAME = "$(TARGET_NAME)";
				SWIFT_EMIT_LOC_STRINGS = YES;
				SWIFT_VERSION = 5.0;
				TARGETED_DEVICE_FAMILY = "1,2";
			};
			name = Release;
		};
/* End XCBuildConfiguration section */

/* Begin XCConfigurationList section */
		F655AE7928B12E7600279A2C /* Build configuration list for PBXProject "Today" */ = {
			isa = XCConfigurationList;
			buildConfigurations = (
				F655AE9028B12E7600279A2C /* Debug */,
				F655AE9128B12E7600279A2C /* Release */,
			);
			defaultConfigurationIsVisible = 0;
			defaultConfigurationName = Release;
		};
		F655AE9228B12E7600279A2C /* Build configuration list for PBXNativeTarget "Today" */ = {
			isa = XCConfigurationList;
			buildConfigurations = (
				F655AE9328B12E7600279A2C /* Debug */,
				F655AE9428B12E7600279A2C /* Release */,
			);
			defaultConfigurationIsVisible = 0;
			defaultConfigurationName = Release;
		};
/* End XCConfigurationList section */
	};
	rootObject = F655AE7628B12E7600279A2C /* Project object */;
}
